// !$*UTF8*$!
{
	archiveVersion = 1;
	classes = {
	};
	objectVersion = 50;
	objects = {

/* Begin PBXBuildFile section */
		01401404254FE23000B5983F /* AppDelegate.swift in Sources */ = {isa = PBXBuildFile; fileRef = 01401403254FE23000B5983F /* AppDelegate.swift */; };
		01401406254FE23000B5983F /* SceneDelegate.swift in Sources */ = {isa = PBXBuildFile; fileRef = 01401405254FE23000B5983F /* SceneDelegate.swift */; };
		01401408254FE23000B5983F /* ViewController.swift in Sources */ = {isa = PBXBuildFile; fileRef = 01401407254FE23000B5983F /* ViewController.swift */; };
		0140140B254FE23000B5983F /* Main.storyboard in Resources */ = {isa = PBXBuildFile; fileRef = 01401409254FE23000B5983F /* Main.storyboard */; };
		0140140D254FE23200B5983F /* Assets.xcassets in Resources */ = {isa = PBXBuildFile; fileRef = 0140140C254FE23200B5983F /* Assets.xcassets */; };
		01401410254FE23200B5983F /* LaunchScreen.storyboard in Resources */ = {isa = PBXBuildFile; fileRef = 0140140E254FE23200B5983F /* LaunchScreen.storyboard */; };
		01401419254FE36800B5983F /* InfoTVCell.swift in Sources */ = {isa = PBXBuildFile; fileRef = 01401418254FE36800B5983F /* InfoTVCell.swift */; };
/* End PBXBuildFile section */

/* Begin PBXFileReference section */
		01401400254FE23000B5983F /* TBVSample.app */ = {isa = PBXFileReference; explicitFileType = wrapper.application; includeInIndex = 0; path = TBVSample.app; sourceTree = BUILT_PRODUCTS_DIR; };
		01401403254FE23000B5983F /* AppDelegate.swift */ = {isa = PBXFileReference; lastKnownFileType = sourcecode.swift; path = AppDelegate.swift; sourceTree = "<group>"; };
		01401405254FE23000B5983F /* SceneDelegate.swift */ = {isa = PBXFileReference; lastKnownFileType = sourcecode.swift; path = SceneDelegate.swift; sourceTree = "<group>"; };
		01401407254FE23000B5983F /* ViewController.swift */ = {isa = PBXFileReference; lastKnownFileType = sourcecode.swift; path = ViewController.swift; sourceTree = "<group>"; };
		0140140A254FE23000B5983F /* Base */ = {isa = PBXFileReference; lastKnownFileType = file.storyboard; name = Base; path = Base.lproj/Main.storyboard; sourceTree = "<group>"; };
		0140140C254FE23200B5983F /* Assets.xcassets */ = {isa = PBXFileReference; lastKnownFileType = folder.assetcatalog; path = Assets.xcassets; sourceTree = "<group>"; };
		0140140F254FE23200B5983F /* Base */ = {isa = PBXFileReference; lastKnownFileType = file.storyboard; name = Base; path = Base.lproj/LaunchScreen.storyboard; sourceTree = "<group>"; };
		01401411254FE23200B5983F /* Info.plist */ = {isa = PBXFileReference; lastKnownFileType = text.plist.xml; path = Info.plist; sourceTree = "<group>"; };
		01401418254FE36800B5983F /* InfoTVCell.swift */ = {isa = PBXFileReference; lastKnownFileType = sourcecode.swift; path = InfoTVCell.swift; sourceTree = "<group>"; };
/* End PBXFileReference section */

/* Begin PBXFrameworksBuildPhase section */
		014013FD254FE23000B5983F /* Frameworks */ = {
			isa = PBXFrameworksBuildPhase;
			buildActionMask = 2147483647;
			files = (
			);
			runOnlyForDeploymentPostprocessing = 0;
		};
/* End PBXFrameworksBuildPhase section */

/* Begin PBXGroup section */
		014013F7254FE23000B5983F = {
			isa = PBXGroup;
			children = (
				01401402254FE23000B5983F /* TBVSample */,
				01401401254FE23000B5983F /* Products */,
			);
			sourceTree = "<group>";
		};
		01401401254FE23000B5983F /* Products */ = {
			isa = PBXGroup;
			children = (
				01401400254FE23000B5983F /* TBVSample.app */,
			);
			name = Products;
			sourceTree = "<group>";
		};
		01401402254FE23000B5983F /* TBVSample */ = {
			isa = PBXGroup;
			children = (
				01401403254FE23000B5983F /* AppDelegate.swift */,
				01401405254FE23000B5983F /* SceneDelegate.swift */,
				01401407254FE23000B5983F /* ViewController.swift */,
				01401409254FE23000B5983F /* Main.storyboard */,
				0140140C254FE23200B5983F /* Assets.xcassets */,
				0140140E254FE23200B5983F /* LaunchScreen.storyboard */,
				01401411254FE23200B5983F /* Info.plist */,
				01401418254FE36800B5983F /* InfoTVCell.swift */,
			);
			path = TBVSample;
			sourceTree = "<group>";
		};
/* End PBXGroup section */

/* Begin PBXNativeTarget section */
		014013FF254FE23000B5983F /* TBVSample */ = {
			isa = PBXNativeTarget;
			buildConfigurationList = 01401414254FE23200B5983F /* Build configuration list for PBXNativeTarget "TBVSample" */;
			buildPhases = (
				014013FC254FE23000B5983F /* Sources */,
				014013FD254FE23000B5983F /* Frameworks */,
				014013FE254FE23000B5983F /* Resources */,
			);
			buildRules = (
			);
			dependencies = (
			);
			name = TBVSample;
			productName = TBVSample;
			productReference = 01401400254FE23000B5983F /* TBVSample.app */;
			productType = "com.apple.product-type.application";
		};
/* End PBXNativeTarget section */

/* Begin PBXProject section */
		014013F8254FE23000B5983F /* Project object */ = {
			isa = PBXProject;
			attributes = {
				LastSwiftUpdateCheck = 1200;
				LastUpgradeCheck = 1200;
				TargetAttributes = {
					014013FF254FE23000B5983F = {
						CreatedOnToolsVersion = 12.0;
					};
				};
			};
			buildConfigurationList = 014013FB254FE23000B5983F /* Build configuration list for PBXProject "TBVSample" */;
			compatibilityVersion = "Xcode 9.3";
			developmentRegion = en;
			hasScannedForEncodings = 0;
			knownRegions = (
				en,
				Base,
			);
			mainGroup = 014013F7254FE23000B5983F;
			productRefGroup = 01401401254FE23000B5983F /* Products */;
			projectDirPath = "";
			projectRoot = "";
			targets = (
				014013FF254FE23000B5983F /* TBVSample */,
			);
		};
/* End PBXProject section */

/* Begin PBXResourcesBuildPhase section */
		014013FE254FE23000B5983F /* Resources */ = {
			isa = PBXResourcesBuildPhase;
			buildActionMask = 2147483647;
			files = (
				01401410254FE23200B5983F /* LaunchScreen.storyboard in Resources */,
				0140140D254FE23200B5983F /* Assets.xcassets in Resources */,
				0140140B254FE23000B5983F /* Main.storyboard in Resources */,
			);
			runOnlyForDeploymentPostprocessing = 0;
		};
/* End PBXResourcesBuildPhase section */

/* Begin PBXSourcesBuildPhase section */
		014013FC254FE23000B5983F /* Sources */ = {
			isa = PBXSourcesBuildPhase;
			buildActionMask = 2147483647;
			files = (
				01401408254FE23000B5983F /* ViewController.swift in Sources */,
				01401419254FE36800B5983F /* InfoTVCell.swift in Sources */,
				01401404254FE23000B5983F /* AppDelegate.swift in Sources */,
				01401406254FE23000B5983F /* SceneDelegate.swift in Sources */,
			);
			runOnlyForDeploymentPostprocessing = 0;
		};
/* End PBXSourcesBuildPhase section */

/* Begin PBXVariantGroup section */
		01401409254FE23000B5983F /* Main.storyboard */ = {
			isa = PBXVariantGroup;
			children = (
				0140140A254FE23000B5983F /* Base */,
			);
			name = Main.storyboard;
			sourceTree = "<group>";
		};
		0140140E254FE23200B5983F /* LaunchScreen.storyboard */ = {
			isa = PBXVariantGroup;
			children = (
				0140140F254FE23200B5983F /* Base */,
			);
			name = LaunchScreen.storyboard;
			sourceTree = "<group>";
		};
/* End PBXVariantGroup section */

/* Begin XCBuildConfiguration section */
		01401412254FE23200B5983F /* Debug */ = {
			isa = XCBuildConfiguration;
			buildSettings = {
				ALWAYS_SEARCH_USER_PATHS = NO;
				CLANG_ANALYZER_NONNULL = YES;
				CLANG_ANALYZER_NUMBER_OBJECT_CONVERSION = YES_AGGRESSIVE;
				CLANG_CXX_LANGUAGE_STANDARD = "gnu++14";
				CLANG_CXX_LIBRARY = "libc++";
				CLANG_ENABLE_MODULES = YES;
				CLANG_ENABLE_OBJC_ARC = YES;
				CLANG_ENABLE_OBJC_WEAK = YES;
				CLANG_WARN_BLOCK_CAPTURE_AUTORELEASING = YES;
				CLANG_WARN_BOOL_CONVERSION = YES;
				CLANG_WARN_COMMA = YES;
				CLANG_WARN_CONSTANT_CONVERSION = YES;
				CLANG_WARN_DEPRECATED_OBJC_IMPLEMENTATIONS = YES;
				CLANG_WARN_DIRECT_OBJC_ISA_USAGE = YES_ERROR;
				CLANG_WARN_DOCUMENTATION_COMMENTS = YES;
				CLANG_WARN_EMPTY_BODY = YES;
				CLANG_WARN_ENUM_CONVERSION = YES;
				CLANG_WARN_INFINITE_RECURSION = YES;
				CLANG_WARN_INT_CONVERSION = YES;
				CLANG_WARN_NON_LITERAL_NULL_CONVERSION = YES;
				CLANG_WARN_OBJC_IMPLICIT_RETAIN_SELF = YES;
				CLANG_WARN_OBJC_LITERAL_CONVERSION = YES;
				CLANG_WARN_OBJC_ROOT_CLASS = YES_ERROR;
				CLANG_WARN_QUOTED_INCLUDE_IN_FRAMEWORK_HEADER = YES;
				CLANG_WARN_RANGE_LOOP_ANALYSIS = YES;
				CLANG_WARN_STRICT_PROTOTYPES = YES;
				CLANG_WARN_SUSPICIOUS_MOVE = YES;
				CLANG_WARN_UNGUARDED_AVAILABILITY = YES_AGGRESSIVE;
				CLANG_WARN_UNREACHABLE_CODE = YES;
				CLANG_WARN__DUPLICATE_METHOD_MATCH = YES;
				COPY_PHASE_STRIP = NO;
				DEBUG_INFORMATION_FORMAT = dwarf;
				ENABLE_STRICT_OBJC_MSGSEND = YES;
				ENABLE_TESTABILITY = YES;
				GCC_C_LANGUAGE_STANDARD = gnu11;
				GCC_DYNAMIC_NO_PIC = NO;
				GCC_NO_COMMON_BLOCKS = YES;
				GCC_OPTIMIZATION_LEVEL = 0;
				GCC_PREPROCESSOR_DEFINITIONS = (
					"DEBUG=1",
					"$(inherited)",
				);
				GCC_WARN_64_TO_32_BIT_CONVERSION = YES;
				GCC_WARN_ABOUT_RETURN_TYPE = YES_ERROR;
				GCC_WARN_UNDECLARED_SELECTOR = YES;
				GCC_WARN_UNINITIALIZED_AUTOS = YES_AGGRESSIVE;
				GCC_WARN_UNUSED_FUNCTION = YES;
				GCC_WARN_UNUSED_VARIABLE = YES;
				IPHONEOS_DEPLOYMENT_TARGET = 14.0;
				MTL_ENABLE_DEBUG_INFO = INCLUDE_SOURCE;
				MTL_FAST_MATH = YES;
				ONLY_ACTIVE_ARCH = YES;
				SDKROOT = iphoneos;
				SWIFT_ACTIVE_COMPILATION_CONDITIONS = DEBUG;
				SWIFT_OPTIMIZATION_LEVEL = "-Onone";
			};
			name = Debug;
		};
		01401413254FE23200B5983F /* Release */ = {
			isa = XCBuildConfiguration;
			buildSettings = {
				ALWAYS_SEARCH_USER_PATHS = NO;
				CLANG_ANALYZER_NONNULL = YES;
				CLANG_ANALYZER_NUMBER_OBJECT_CONVERSION = YES_AGGRESSIVE;
				CLANG_CXX_LANGUAGE_STANDARD = "gnu++14";
				CLANG_CXX_LIBRARY = "libc++";
				CLANG_ENABLE_MODULES = YES;
				CLANG_ENABLE_OBJC_ARC = YES;
				CLANG_ENABLE_OBJC_WEAK = YES;
				CLANG_WARN_BLOCK_CAPTURE_AUTORELEASING = YES;
				CLANG_WARN_BOOL_CONVERSION = YES;
				CLANG_WARN_COMMA = YES;
				CLANG_WARN_CONSTANT_CONVERSION = YES;
				CLANG_WARN_DEPRECATED_OBJC_IMPLEMENTATIONS = YES;
				CLANG_WARN_DIRECT_OBJC_ISA_USAGE = YES_ERROR;
				CLANG_WARN_DOCUMENTATION_COMMENTS = YES;
				CLANG_WARN_EMPTY_BODY = YES;
				CLANG_WARN_ENUM_CONVERSION = YES;
				CLANG_WARN_INFINITE_RECURSION = YES;
				CLANG_WARN_INT_CONVERSION = YES;
				CLANG_WARN_NON_LITERAL_NULL_CONVERSION = YES;
				CLANG_WARN_OBJC_IMPLICIT_RETAIN_SELF = YES;
				CLANG_WARN_OBJC_LITERAL_CONVERSION = YES;
				CLANG_WARN_OBJC_ROOT_CLASS = YES_ERROR;
				CLANG_WARN_QUOTED_INCLUDE_IN_FRAMEWORK_HEADER = YES;
				CLANG_WARN_RANGE_LOOP_ANALYSIS = YES;
				CLANG_WARN_STRICT_PROTOTYPES = YES;
				CLANG_WARN_SUSPICIOUS_MOVE = YES;
				CLANG_WARN_UNGUARDED_AVAILABILITY = YES_AGGRESSIVE;
				CLANG_WARN_UNREACHABLE_CODE = YES;
				CLANG_WARN__DUPLICATE_METHOD_MATCH = YES;
				COPY_PHASE_STRIP = NO;
				DEBUG_INFORMATION_FORMAT = "dwarf-with-dsym";
				ENABLE_NS_ASSERTIONS = NO;
				ENABLE_STRICT_OBJC_MSGSEND = YES;
				GCC_C_LANGUAGE_STANDARD = gnu11;
				GCC_NO_COMMON_BLOCKS = YES;
				GCC_WARN_64_TO_32_BIT_CONVERSION = YES;
				GCC_WARN_ABOUT_RETURN_TYPE = YES_ERROR;
				GCC_WARN_UNDECLARED_SELECTOR = YES;
				GCC_WARN_UNINITIALIZED_AUTOS = YES_AGGRESSIVE;
				GCC_WARN_UNUSED_FUNCTION = YES;
				GCC_WARN_UNUSED_VARIABLE = YES;
				IPHONEOS_DEPLOYMENT_TARGET = 14.0;
				MTL_ENABLE_DEBUG_INFO = NO;
				MTL_FAST_MATH = YES;
				SDKROOT = iphoneos;
				SWIFT_COMPILATION_MODE = wholemodule;
				SWIFT_OPTIMIZATION_LEVEL = "-O";
				VALIDATE_PRODUCT = YES;
			};
			name = Release;
		};
		01401415254FE23200B5983F /* Debug */ = {
			isa = XCBuildConfiguration;
			buildSettings = {
				ASSETCATALOG_COMPILER_APPICON_NAME = AppIcon;
				ASSETCATALOG_COMPILER_GLOBAL_ACCENT_COLOR_NAME = AccentColor;
				CODE_SIGN_STYLE = Automatic;
				DEVELOPMENT_TEAM = 5623L6RTG3;
				INFOPLIST_FILE = TBVSample/Info.plist;
				LD_RUNPATH_SEARCH_PATHS = (
					"$(inherited)",
					"@executable_path/Frameworks",
				);
				PRODUCT_BUNDLE_IDENTIFIER = com.authnex.auth.x.TBVSample;
				PRODUCT_NAME = "$(TARGET_NAME)";
				SWIFT_VERSION = 5.0;
				TARGETED_DEVICE_FAMILY = "1,2";
			};
			name = Debug;
		};
		01401416254FE23200B5983F /* Release */ = {
			isa = XCBuildConfiguration;
			buildSettings = {
				ASSETCATALOG_COMPILER_APPICON_NAME = AppIcon;
				ASSETCATALOG_COMPILER_GLOBAL_ACCENT_COLOR_NAME = AccentColor;
				CODE_SIGN_STYLE = Automatic;
				DEVELOPMENT_TEAM = 5623L6RTG3;
				INFOPLIST_FILE = TBVSample/Info.plist;
				LD_RUNPATH_SEARCH_PATHS = (
					"$(inherited)",
					"@executable_path/Frameworks",
				);
				PRODUCT_BUNDLE_IDENTIFIER = com.authnex.auth.x.TBVSample;
				PRODUCT_NAME = "$(TARGET_NAME)";
				SWIFT_VERSION = 5.0;
				TARGETED_DEVICE_FAMILY = "1,2";
			};
			name = Release;
		};
/* End XCBuildConfiguration section */

/* Begin XCConfigurationList section */
		014013FB254FE23000B5983F /* Build configuration list for PBXProject "TBVSample" */ = {
			isa = XCConfigurationList;
			buildConfigurations = (
				01401412254FE23200B5983F /* Debug */,
				01401413254FE23200B5983F /* Release */,
			);
			defaultConfigurationIsVisible = 0;
			defaultConfigurationName = Release;
		};
		01401414254FE23200B5983F /* Build configuration list for PBXNativeTarget "TBVSample" */ = {
			isa = XCConfigurationList;
			buildConfigurations = (
				01401415254FE23200B5983F /* Debug */,
				01401416254FE23200B5983F /* Release */,
			);
			defaultConfigurationIsVisible = 0;
			defaultConfigurationName = Release;
		};
/* End XCConfigurationList section */
	};
	rootObject = 014013F8254FE23000B5983F /* Project object */;
}
